<?xml version="1.0" encoding="utf-8"?>
<Project ToolsVersion="4.0" xmlns="http://schemas.microsoft.com/developer/msbuild/2003">
  <ItemGroup>
    <Filter Include="Source Files">
      <UniqueIdentifier>{4FC737F1-C7A5-4376-A066-2A32D752A2FF}</UniqueIdentifier>
      <Extensions>cpp;c;cc;cxx;c++;cppm;ixx;def;odl;idl;hpj;bat;asm;asmx</Extensions>
    </Filter>
    <Filter Include="Header Files">
      <UniqueIdentifier>{93995380-89BD-4b04-88EB-625FBE52EBFB}</UniqueIdentifier>
      <Extensions>h;hh;hpp;hxx;h++;hm;inl;inc;ipp;xsd</Extensions>
    </Filter>
    <Filter Include="Resource Files">
      <UniqueIdentifier>{67DA6AB6-F800-4c08-8B7A-83BB121AAD01}</UniqueIdentifier>
      <Extensions>rc;ico;cur;bmp;dlg;rc2;rct;bin;rgs;gif;jpg;jpeg;jpe;resx;tiff;tif;png;wav;mfcribbon-ms</Extensions>
    </Filter>
    <Filter Include="Source Files\Handler">
      <UniqueIdentifier>{eec12885-bf5a-4a70-9996-c11cebe2f8ce}</UniqueIdentifier>
    </Filter>
    <Filter Include="Source Files\Handler\Cryption">
      <UniqueIdentifier>{09c1d40a-ad59-4050-9750-861acef7db27}</UniqueIdentifier>
    </Filter>
    <Filter Include="Source Files\Handler\ASMHOOK">
      <UniqueIdentifier>{30dc0409-adfb-4fa0-bf45-4c28019ca5b2}</UniqueIdentifier>
    </Filter>
  </ItemGroup>
  <ItemGroup>
    <ClInclude Include="framework.h">
      <Filter>Header Files</Filter>
    </ClInclude>
    <ClInclude Include="pch.h">
      <Filter>Header Files</Filter>
    </ClInclude>
    <ClInclude Include="SkCrypter.h">
      <Filter>Header Files</Filter>
    </ClInclude>
    <ClInclude Include="Remap.h">
      <Filter>Header Files</Filter>
    </ClInclude>
    <ClInclude Include="md5.h">
      <Filter>Header Files</Filter>
    </ClInclude>
    <ClInclude Include="xorstr.h">
      <Filter>Header Files</Filter>
    </ClInclude>
    <ClInclude Include="crc32.h">
      <Filter>Header Files</Filter>
    </ClInclude>
    <ClInclude Include="PacketHandler.h">
      <Filter>Header Files</Filter>
    </ClInclude>
    <ClInclude Include="PlayerBase.h">
      <Filter>Header Files</Filter>
    </ClInclude>
    <ClInclude Include="UIManager.h">
      <Filter>Header Files</Filter>
    </ClInclude>
    <ClInclude Include="RenderSystem.h">
      <Filter>Header Files</Filter>
    </ClInclude>
    <ClInclude Include="GameHooks.h">
      <Filter>Header Files</Filter>
    </ClInclude>
    <ClInclude Include="PearlEngine.h">
      <Filter>Header Files</Filter>
    </ClInclude>
    <ClInclude Include="UIFramework.h">
      <Filter>Header Files</Filter>
    </ClInclude>
    <ClInclude Include="UIInventory.h">
      <Filter>Header Files</Filter>
    </ClInclude>
    <ClInclude Include="UILogin.h">
      <Filter>Header Files</Filter>
    </ClInclude>
    <ClInclude Include="UIChatBar.h">
      <Filter>Header Files</Filter>
    </ClInclude>
    <ClInclude Include="UITaskbar.h">
      <Filter>Header Files</Filter>
    </ClInclude>
  </ItemGroup>
  <ItemGroup>
    <ClCompile Include="dllmain.cpp">
      <Filter>Source Files</Filter>
    </ClCompile>
    <ClCompile Include="pch.cpp">
      <Filter>Source Files</Filter>
    </ClCompile>
    <ClCompile Include="crc32.cpp">
      <Filter>Source Files\Handler\Cryption</Filter>
    </ClCompile>
    <ClCompile Include="md5.cpp">
      <Filter>Source Files\Handler\Cryption</Filter>
    </ClCompile>
    <ClCompile Include="PacketHandler.cpp">
      <Filter>Source Files</Filter>
    </ClCompile>
    <ClCompile Include="PlayerBase.cpp">
      <Filter>Source Files</Filter>
    </ClCompile>
    <ClCompile Include="UIManager.cpp">
      <Filter>Source Files</Filter>
    </ClCompile>
    <ClCompile Include="RenderSystem.cpp">
      <Filter>Source Files</Filter>
    </ClCompile>
    <ClCompile Include="GameHooks.cpp">
      <Filter>Source Files</Filter>
    </ClCompile>
    <ClCompile Include="PearlEngine.cpp">
      <Filter>Source Files</Filter>
    </ClCompile>
    <ClCompile Include="UIFramework.cpp">
      <Filter>Source Files</Filter>
    </ClCompile>
    <ClCompile Include="UIInventory.cpp">
      <Filter>Source Files</Filter>
    </ClCompile>
    <ClCompile Include="UILogin.cpp">
      <Filter>Source Files</Filter>
    </ClCompile>
    <ClCompile Include="UIChatBar.cpp">
      <Filter>Source Files</Filter>
    </ClCompile>
    <ClCompile Include="UITaskbar.cpp">
      <Filter>Source Files</Filter>
    </ClCompile>
  </ItemGroup>
</Project>